
Microsoft Visual Studio Solution File, Format Version 12.00
# Visual Studio Version 16
VisualStudioVersion = 16.0.34601.136
MinimumVisualStudioVersion = 10.0.40219.1
Project("{FAE04EC0-301F-11D3-BF4B-00C04F79EFBC}") = "FibonacciAverage", "FibonacciAverage\FibonacciAverage.csproj", "{DA58C285-98B7-473D-ABC8-886F86AC3ECC}"
EndProject
Global
	GlobalSection(SolutionConfigurationPlatforms) = preSolution
		Debug|Any CPU = Debug|Any CPU
		Release|Any CPU = Release|Any CPU
	EndGlobalSection
	GlobalSection(ProjectConfigurationPlatforms) = postSolution
		{DA58C285-98B7-473D-ABC8-886F86AC3ECC}.Debug|Any CPU.ActiveCfg = Debug|Any CPU
		{DA58C285-98B7-473D-ABC8-886F86AC3ECC}.Debug|Any CPU.Build.0 = Debug|Any CPU
		{DA58C285-98B7-473D-ABC8-886F86AC3ECC}.Release|Any CPU.ActiveCfg = Release|Any CPU
		{DA58C285-98B7-473D-ABC8-886F86AC3ECC}.Release|Any CPU.Build.0 = Release|Any CPU
	EndGlobalSection
	GlobalSection(SolutionProperties) = preSolution
		HideSolutionNode = FALSE
	EndGlobalSection
	GlobalSection(ExtensibilityGlobals) = postSolution
		SolutionGuid = {B0FFD52D-B60F-45BB-AD85-5E84897609B1}
	EndGlobalSection
EndGlobal
